
Microsoft Visual Studio Solution File, Format Version 12.00
# Visual Studio Version 17
VisualStudioVersion = 17.3.32929.385
MinimumVisualStudioVersion = 10.0.40219.1
Project("{FAE04EC0-301F-11D3-BF4B-00C04F79EFBC}") = "SevenA Launcher", "SevenA Launcher\SevenA Launcher.csproj", "{BAF568A8-D86C-4741-9704-E8D1E417F710}"
EndProject
Global
	GlobalSection(SolutionConfigurationPlatforms) = preSolution
		Debug|Any CPU = Debug|Any CPU
		Release|Any CPU = Release|Any CPU
	EndGlobalSection
	GlobalSection(ProjectConfigurationPlatforms) = postSolution
		{BAF568A8-D86C-4741-9704-E8D1E417F710}.Debug|Any CPU.ActiveCfg = Debug|Any CPU
		{BAF568A8-D86C-4741-9704-E8D1E417F710}.Debug|Any CPU.Build.0 = Debug|Any CPU
		{BAF568A8-D86C-4741-9704-E8D1E417F710}.Release|Any CPU.ActiveCfg = Release|Any CPU
		{BAF568A8-D86C-4741-9704-E8D1E417F710}.Release|Any CPU.Build.0 = Release|Any CPU
	EndGlobalSection
	GlobalSection(SolutionProperties) = preSolution
		HideSolutionNode = FALSE
	EndGlobalSection
	GlobalSection(ExtensibilityGlobals) = postSolution
		SolutionGuid = {64547E18-AD6A-4C2A-A56F-3BBD80D9114B}
	EndGlobalSection
EndGlobal
